// !$*UTF8*$!
{
	archiveVersion = 1;
	classes = {
	};
	objectVersion = 52;
	objects = {

/* Begin PBXBuildFile section */
		7F9887C025E415860051295A /* Tests_iOS.swift in Sources */ = {isa = PBXBuildFile; fileRef = 7F9887BF25E415860051295A /* Tests_iOS.swift */; };
		7F9887CB25E415860051295A /* Tests_macOS.swift in Sources */ = {isa = PBXBuildFile; fileRef = 7F9887CA25E415860051295A /* Tests_macOS.swift */; };
		7F9887CD25E415860051295A /* Sum123WithErrorPlotApp.swift in Sources */ = {isa = PBXBuildFile; fileRef = 7F9887A425E415830051295A /* Sum123WithErrorPlotApp.swift */; };
		7F9887CE25E415860051295A /* Sum123WithErrorPlotApp.swift in Sources */ = {isa = PBXBuildFile; fileRef = 7F9887A425E415830051295A /* Sum123WithErrorPlotApp.swift */; };
		7F9887CF25E415860051295A /* ContentView.swift in Sources */ = {isa = PBXBuildFile; fileRef = 7F9887A525E415830051295A /* ContentView.swift */; };
		7F9887D025E415860051295A /* ContentView.swift in Sources */ = {isa = PBXBuildFile; fileRef = 7F9887A525E415830051295A /* ContentView.swift */; };
		7F9887D125E415860051295A /* Assets.xcassets in Resources */ = {isa = PBXBuildFile; fileRef = 7F9887A625E415860051295A /* Assets.xcassets */; };
		7F9887D225E415860051295A /* Assets.xcassets in Resources */ = {isa = PBXBuildFile; fileRef = 7F9887A625E415860051295A /* Assets.xcassets */; };
		7F9887EF25E415990051295A /* ChangingPlotParameters.swift in Sources */ = {isa = PBXBuildFile; fileRef = 7F9887E525E415990051295A /* ChangingPlotParameters.swift */; };
		7F9887F025E415990051295A /* ChangingPlotParameters.swift in Sources */ = {isa = PBXBuildFile; fileRef = 7F9887E525E415990051295A /* ChangingPlotParameters.swift */; };
		7F9887F125E415990051295A /* ChangingPlotParameters.swift in Sources */ = {isa = PBXBuildFile; fileRef = 7F9887E525E415990051295A /* ChangingPlotParameters.swift */; };
		7F9887F225E415990051295A /* ChangingPlotParameters.swift in Sources */ = {isa = PBXBuildFile; fileRef = 7F9887E525E415990051295A /* ChangingPlotParameters.swift */; };
		7F9887F325E415990051295A /* CorePlot.swift in Sources */ = {isa = PBXBuildFile; fileRef = 7F9887E625E415990051295A /* CorePlot.swift */; };
		7F9887F425E415990051295A /* CorePlot.swift in Sources */ = {isa = PBXBuildFile; fileRef = 7F9887E625E415990051295A /* CorePlot.swift */; };
		7F9887F525E415990051295A /* CorePlot.swift in Sources */ = {isa = PBXBuildFile; fileRef = 7F9887E625E415990051295A /* CorePlot.swift */; };
		7F9887F625E415990051295A /* CorePlot.swift in Sources */ = {isa = PBXBuildFile; fileRef = 7F9887E625E415990051295A /* CorePlot.swift */; };
		7F9887FB25E415990051295A /* PlotDataClass.swift in Sources */ = {isa = PBXBuildFile; fileRef = 7F9887E825E415990051295A /* PlotDataClass.swift */; };
		7F9887FC25E415990051295A /* PlotDataClass.swift in Sources */ = {isa = PBXBuildFile; fileRef = 7F9887E825E415990051295A /* PlotDataClass.swift */; };
		7F9887FD25E415990051295A /* PlotDataClass.swift in Sources */ = {isa = PBXBuildFile; fileRef = 7F9887E825E415990051295A /* PlotDataClass.swift */; };
		7F9887FE25E415990051295A /* PlotDataClass.swift in Sources */ = {isa = PBXBuildFile; fileRef = 7F9887E825E415990051295A /* PlotDataClass.swift */; };
		7F9887FF25E415990051295A /* TextExportDocument.swift in Sources */ = {isa = PBXBuildFile; fileRef = 7F9887E925E415990051295A /* TextExportDocument.swift */; };
		7F98880025E415990051295A /* TextExportDocument.swift in Sources */ = {isa = PBXBuildFile; fileRef = 7F9887E925E415990051295A /* TextExportDocument.swift */; };
		7F98880125E415990051295A /* TextExportDocument.swift in Sources */ = {isa = PBXBuildFile; fileRef = 7F9887E925E415990051295A /* TextExportDocument.swift */; };
		7F98880225E415990051295A /* TextExportDocument.swift in Sources */ = {isa = PBXBuildFile; fileRef = 7F9887E925E415990051295A /* TextExportDocument.swift */; };
		7F98880325E415990051295A /* operators.swift in Sources */ = {isa = PBXBuildFile; fileRef = 7F9887EA25E415990051295A /* operators.swift */; };
		7F98880425E415990051295A /* operators.swift in Sources */ = {isa = PBXBuildFile; fileRef = 7F9887EA25E415990051295A /* operators.swift */; };
		7F98880525E415990051295A /* operators.swift in Sources */ = {isa = PBXBuildFile; fileRef = 7F9887EA25E415990051295A /* operators.swift */; };
		7F98880625E415990051295A /* operators.swift in Sources */ = {isa = PBXBuildFile; fileRef = 7F9887EA25E415990051295A /* operators.swift */; };
		7F98880725E415990051295A /* CalculatePlotData.swift in Sources */ = {isa = PBXBuildFile; fileRef = 7F9887EB25E415990051295A /* CalculatePlotData.swift */; };
		7F98880825E415990051295A /* CalculatePlotData.swift in Sources */ = {isa = PBXBuildFile; fileRef = 7F9887EB25E415990051295A /* CalculatePlotData.swift */; };
		7F98880925E415990051295A /* CalculatePlotData.swift in Sources */ = {isa = PBXBuildFile; fileRef = 7F9887EB25E415990051295A /* CalculatePlotData.swift */; };
		7F98880A25E415990051295A /* CalculatePlotData.swift in Sources */ = {isa = PBXBuildFile; fileRef = 7F9887EB25E415990051295A /* CalculatePlotData.swift */; };
		7F98880B25E415990051295A /* TextView.swift in Sources */ = {isa = PBXBuildFile; fileRef = 7F9887EC25E415990051295A /* TextView.swift */; };
		7F98880C25E415990051295A /* TextView.swift in Sources */ = {isa = PBXBuildFile; fileRef = 7F9887EC25E415990051295A /* TextView.swift */; };
		7F98880D25E415990051295A /* TextView.swift in Sources */ = {isa = PBXBuildFile; fileRef = 7F9887EC25E415990051295A /* TextView.swift */; };
		7F98880E25E415990051295A /* TextView.swift in Sources */ = {isa = PBXBuildFile; fileRef = 7F9887EC25E415990051295A /* TextView.swift */; };
		7F98882925E416510051295A /* CorePlot in Frameworks */ = {isa = PBXBuildFile; productRef = 7F98882825E416510051295A /* CorePlot */; };
		7F98883025E4170B0051295A /* CorePlot in Frameworks */ = {isa = PBXBuildFile; productRef = 7F98882F25E4170B0051295A /* CorePlot */; };
		7F98883925E4198B0051295A /* ContentView.swift in Sources */ = {isa = PBXBuildFile; fileRef = 7F9887A525E415830051295A /* ContentView.swift */; };
		7F98883E25E4198C0051295A /* ContentView.swift in Sources */ = {isa = PBXBuildFile; fileRef = 7F9887A525E415830051295A /* ContentView.swift */; };
		7F98884425E41AE60051295A /* summationClass.swift in Sources */ = {isa = PBXBuildFile; fileRef = 7F98884325E41AE60051295A /* summationClass.swift */; };
		7F98884525E41AE60051295A /* summationClass.swift in Sources */ = {isa = PBXBuildFile; fileRef = 7F98884325E41AE60051295A /* summationClass.swift */; };
		7F98884625E41AE60051295A /* summationClass.swift in Sources */ = {isa = PBXBuildFile; fileRef = 7F98884325E41AE60051295A /* summationClass.swift */; };
		7F98884725E41AE60051295A /* summationClass.swift in Sources */ = {isa = PBXBuildFile; fileRef = 7F98884325E41AE60051295A /* summationClass.swift */; };
/* End PBXBuildFile section */

/* Begin PBXContainerItemProxy section */
		7F9887BC25E415860051295A /* PBXContainerItemProxy */ = {
			isa = PBXContainerItemProxy;
			containerPortal = 7F98879F25E415830051295A /* Project object */;
			proxyType = 1;
			remoteGlobalIDString = 7F9887AA25E415860051295A;
			remoteInfo = "Sum123WithErrorPlot (iOS)";
		};
		7F9887C725E415860051295A /* PBXContainerItemProxy */ = {
			isa = PBXContainerItemProxy;
			containerPortal = 7F98879F25E415830051295A /* Project object */;
			proxyType = 1;
			remoteGlobalIDString = 7F9887B225E415860051295A;
			remoteInfo = "Sum123WithErrorPlot (macOS)";
		};
/* End PBXContainerItemProxy section */

/* Begin PBXFileReference section */
		7F9887A425E415830051295A /* Sum123WithErrorPlotApp.swift */ = {isa = PBXFileReference; lastKnownFileType = sourcecode.swift; path = Sum123WithErrorPlotApp.swift; sourceTree = "<group>"; };
		7F9887A525E415830051295A /* ContentView.swift */ = {isa = PBXFileReference; lastKnownFileType = sourcecode.swift; path = ContentView.swift; sourceTree = "<group>"; };
		7F9887A625E415860051295A /* Assets.xcassets */ = {isa = PBXFileReference; lastKnownFileType = folder.assetcatalog; path = Assets.xcassets; sourceTree = "<group>"; };
		7F9887AB25E415860051295A /* Sum123WithErrorPlot.app */ = {isa = PBXFileReference; explicitFileType = wrapper.application; includeInIndex = 0; path = Sum123WithErrorPlot.app; sourceTree = BUILT_PRODUCTS_DIR; };
		7F9887AE25E415860051295A /* Info.plist */ = {isa = PBXFileReference; lastKnownFileType = text.plist.xml; path = Info.plist; sourceTree = "<group>"; };
		7F9887B325E415860051295A /* Sum123WithErrorPlot.app */ = {isa = PBXFileReference; explicitFileType = wrapper.application; includeInIndex = 0; path = Sum123WithErrorPlot.app; sourceTree = BUILT_PRODUCTS_DIR; };
		7F9887B525E415860051295A /* Info.plist */ = {isa = PBXFileReference; lastKnownFileType = text.plist.xml; path = Info.plist; sourceTree = "<group>"; };
		7F9887B625E415860051295A /* macOS.entitlements */ = {isa = PBXFileReference; lastKnownFileType = text.plist.entitlements; path = macOS.entitlements; sourceTree = "<group>"; };
		7F9887BB25E415860051295A /* Tests iOS.xctest */ = {isa = PBXFileReference; explicitFileType = wrapper.cfbundle; includeInIndex = 0; path = "Tests iOS.xctest"; sourceTree = BUILT_PRODUCTS_DIR; };
		7F9887BF25E415860051295A /* Tests_iOS.swift */ = {isa = PBXFileReference; lastKnownFileType = sourcecode.swift; path = Tests_iOS.swift; sourceTree = "<group>"; };
		7F9887C125E415860051295A /* Info.plist */ = {isa = PBXFileReference; lastKnownFileType = text.plist.xml; path = Info.plist; sourceTree = "<group>"; };
		7F9887C625E415860051295A /* Tests macOS.xctest */ = {isa = PBXFileReference; explicitFileType = wrapper.cfbundle; includeInIndex = 0; path = "Tests macOS.xctest"; sourceTree = BUILT_PRODUCTS_DIR; };
		7F9887CA25E415860051295A /* Tests_macOS.swift */ = {isa = PBXFileReference; lastKnownFileType = sourcecode.swift; path = Tests_macOS.swift; sourceTree = "<group>"; };
		7F9887CC25E415860051295A /* Info.plist */ = {isa = PBXFileReference; lastKnownFileType = text.plist.xml; path = Info.plist; sourceTree = "<group>"; };
		7F9887E525E415990051295A /* ChangingPlotParameters.swift */ = {isa = PBXFileReference; lastKnownFileType = sourcecode.swift; path = ChangingPlotParameters.swift; sourceTree = "<group>"; };
		7F9887E625E415990051295A /* CorePlot.swift */ = {isa = PBXFileReference; lastKnownFileType = sourcecode.swift; path = CorePlot.swift; sourceTree = "<group>"; };
		7F9887E825E415990051295A /* PlotDataClass.swift */ = {isa = PBXFileReference; lastKnownFileType = sourcecode.swift; path = PlotDataClass.swift; sourceTree = "<group>"; };
		7F9887E925E415990051295A /* TextExportDocument.swift */ = {isa = PBXFileReference; lastKnownFileType = sourcecode.swift; path = TextExportDocument.swift; sourceTree = "<group>"; };
		7F9887EA25E415990051295A /* operators.swift */ = {isa = PBXFileReference; lastKnownFileType = sourcecode.swift; path = operators.swift; sourceTree = "<group>"; };
		7F9887EB25E415990051295A /* CalculatePlotData.swift */ = {isa = PBXFileReference; lastKnownFileType = sourcecode.swift; path = CalculatePlotData.swift; sourceTree = "<group>"; };
		7F9887EC25E415990051295A /* TextView.swift */ = {isa = PBXFileReference; lastKnownFileType = sourcecode.swift; path = TextView.swift; sourceTree = "<group>"; };
		7F98884325E41AE60051295A /* summationClass.swift */ = {isa = PBXFileReference; fileEncoding = 4; lastKnownFileType = sourcecode.swift; path = summationClass.swift; sourceTree = "<group>"; };
/* End PBXFileReference section */

/* Begin PBXFrameworksBuildPhase section */
		7F9887A825E415860051295A /* Frameworks */ = {
			isa = PBXFrameworksBuildPhase;
			buildActionMask = 2147483647;
			files = (
				7F98883025E4170B0051295A /* CorePlot in Frameworks */,
			);
			runOnlyForDeploymentPostprocessing = 0;
		};
		7F9887B025E415860051295A /* Frameworks */ = {
			isa = PBXFrameworksBuildPhase;
			buildActionMask = 2147483647;
			files = (
				7F98882925E416510051295A /* CorePlot in Frameworks */,
			);
			runOnlyForDeploymentPostprocessing = 0;
		};
		7F9887B825E415860051295A /* Frameworks */ = {
			isa = PBXFrameworksBuildPhase;
			buildActionMask = 2147483647;
			files = (
			);
			runOnlyForDeploymentPostprocessing = 0;
		};
		7F9887C325E415860051295A /* Frameworks */ = {
			isa = PBXFrameworksBuildPhase;
			buildActionMask = 2147483647;
			files = (
			);
			runOnlyForDeploymentPostprocessing = 0;
		};
/* End PBXFrameworksBuildPhase section */

/* Begin PBXGroup section */
		7F98879E25E415830051295A = {
			isa = PBXGroup;
			children = (
				7F9887A325E415830051295A /* Shared */,
				7F9887AD25E415860051295A /* iOS */,
				7F9887B425E415860051295A /* macOS */,
				7F9887BE25E415860051295A /* Tests iOS */,
				7F9887C925E415860051295A /* Tests macOS */,
				7F9887AC25E415860051295A /* Products */,
				7F98882E25E4170B0051295A /* Frameworks */,
			);
			sourceTree = "<group>";
		};
		7F9887A325E415830051295A /* Shared */ = {
			isa = PBXGroup;
			children = (
				7F9887A425E415830051295A /* Sum123WithErrorPlotApp.swift */,
				7F9887A525E415830051295A /* ContentView.swift */,
				7F98884325E41AE60051295A /* summationClass.swift */,
				7F9887E525E415990051295A /* ChangingPlotParameters.swift */,
				7F9887E625E415990051295A /* CorePlot.swift */,
				7F9887E825E415990051295A /* PlotDataClass.swift */,
				7F9887E925E415990051295A /* TextExportDocument.swift */,
				7F9887EA25E415990051295A /* operators.swift */,
				7F9887EB25E415990051295A /* CalculatePlotData.swift */,
				7F9887EC25E415990051295A /* TextView.swift */,
				7F9887A625E415860051295A /* Assets.xcassets */,
			);
			path = Shared;
			sourceTree = "<group>";
		};
		7F9887AC25E415860051295A /* Products */ = {
			isa = PBXGroup;
			children = (
				7F9887AB25E415860051295A /* Sum123WithErrorPlot.app */,
				7F9887B325E415860051295A /* Sum123WithErrorPlot.app */,
				7F9887BB25E415860051295A /* Tests iOS.xctest */,
				7F9887C625E415860051295A /* Tests macOS.xctest */,
			);
			name = Products;
			sourceTree = "<group>";
		};
		7F9887AD25E415860051295A /* iOS */ = {
			isa = PBXGroup;
			children = (
				7F9887AE25E415860051295A /* Info.plist */,
			);
			path = iOS;
			sourceTree = "<group>";
		};
		7F9887B425E415860051295A /* macOS */ = {
			isa = PBXGroup;
			children = (
				7F9887B525E415860051295A /* Info.plist */,
				7F9887B625E415860051295A /* macOS.entitlements */,
			);
			path = macOS;
			sourceTree = "<group>";
		};
		7F9887BE25E415860051295A /* Tests iOS */ = {
			isa = PBXGroup;
			children = (
				7F9887BF25E415860051295A /* Tests_iOS.swift */,
				7F9887C125E415860051295A /* Info.plist */,
			);
			path = "Tests iOS";
			sourceTree = "<group>";
		};
		7F9887C925E415860051295A /* Tests macOS */ = {
			isa = PBXGroup;
			children = (
				7F9887CA25E415860051295A /* Tests_macOS.swift */,
				7F9887CC25E415860051295A /* Info.plist */,
			);
			path = "Tests macOS";
			sourceTree = "<group>";
		};
		7F98882E25E4170B0051295A /* Frameworks */ = {
			isa = PBXGroup;
			children = (
			);
			name = Frameworks;
			sourceTree = "<group>";
		};
/* End PBXGroup section */

/* Begin PBXNativeTarget section */
		7F9887AA25E415860051295A /* Sum123WithErrorPlot (iOS) */ = {
			isa = PBXNativeTarget;
			buildConfigurationList = 7F9887D525E415860051295A /* Build configuration list for PBXNativeTarget "Sum123WithErrorPlot (iOS)" */;
			buildPhases = (
				7F9887A725E415860051295A /* Sources */,
				7F9887A825E415860051295A /* Frameworks */,
				7F9887A925E415860051295A /* Resources */,
			);
			buildRules = (
			);
			dependencies = (
			);
			name = "Sum123WithErrorPlot (iOS)";
			packageProductDependencies = (
				7F98882F25E4170B0051295A /* CorePlot */,
			);
			productName = "Sum123WithErrorPlot (iOS)";
			productReference = 7F9887AB25E415860051295A /* Sum123WithErrorPlot.app */;
			productType = "com.apple.product-type.application";
		};
		7F9887B225E415860051295A /* Sum123WithErrorPlot (macOS) */ = {
			isa = PBXNativeTarget;
			buildConfigurationList = 7F9887D825E415860051295A /* Build configuration list for PBXNativeTarget "Sum123WithErrorPlot (macOS)" */;
			buildPhases = (
				7F9887AF25E415860051295A /* Sources */,
				7F9887B025E415860051295A /* Frameworks */,
				7F9887B125E415860051295A /* Resources */,
			);
			buildRules = (
			);
			dependencies = (
			);
			name = "Sum123WithErrorPlot (macOS)";
			packageProductDependencies = (
				7F98882825E416510051295A /* CorePlot */,
			);
			productName = "Sum123WithErrorPlot (macOS)";
			productReference = 7F9887B325E415860051295A /* Sum123WithErrorPlot.app */;
			productType = "com.apple.product-type.application";
		};
		7F9887BA25E415860051295A /* Tests iOS */ = {
			isa = PBXNativeTarget;
			buildConfigurationList = 7F9887DB25E415860051295A /* Build configuration list for PBXNativeTarget "Tests iOS" */;
			buildPhases = (
				7F9887B725E415860051295A /* Sources */,
				7F9887B825E415860051295A /* Frameworks */,
				7F9887B925E415860051295A /* Resources */,
			);
			buildRules = (
			);
			dependencies = (
				7F9887BD25E415860051295A /* PBXTargetDependency */,
			);
			name = "Tests iOS";
			productName = "Tests iOS";
			productReference = 7F9887BB25E415860051295A /* Tests iOS.xctest */;
			productType = "com.apple.product-type.bundle.ui-testing";
		};
		7F9887C525E415860051295A /* Tests macOS */ = {
			isa = PBXNativeTarget;
			buildConfigurationList = 7F9887DE25E415860051295A /* Build configuration list for PBXNativeTarget "Tests macOS" */;
			buildPhases = (
				7F9887C225E415860051295A /* Sources */,
				7F9887C325E415860051295A /* Frameworks */,
				7F9887C425E415860051295A /* Resources */,
			);
			buildRules = (
			);
			dependencies = (
				7F9887C825E415860051295A /* PBXTargetDependency */,
			);
			name = "Tests macOS";
			productName = "Tests macOS";
			productReference = 7F9887C625E415860051295A /* Tests macOS.xctest */;
			productType = "com.apple.product-type.bundle.ui-testing";
		};
/* End PBXNativeTarget section */

/* Begin PBXProject section */
		7F98879F25E415830051295A /* Project object */ = {
			isa = PBXProject;
			attributes = {
				LastSwiftUpdateCheck = 1240;
				LastUpgradeCheck = 1240;
				TargetAttributes = {
					7F9887AA25E415860051295A = {
						CreatedOnToolsVersion = 12.4;
					};
					7F9887B225E415860051295A = {
						CreatedOnToolsVersion = 12.4;
					};
					7F9887BA25E415860051295A = {
						CreatedOnToolsVersion = 12.4;
						TestTargetID = 7F9887AA25E415860051295A;
					};
					7F9887C525E415860051295A = {
						CreatedOnToolsVersion = 12.4;
						TestTargetID = 7F9887B225E415860051295A;
					};
				};
			};
			buildConfigurationList = 7F9887A225E415830051295A /* Build configuration list for PBXProject "Sum123WithErrorPlot" */;
			compatibilityVersion = "Xcode 9.3";
			developmentRegion = en;
			hasScannedForEncodings = 0;
			knownRegions = (
				en,
				Base,
			);
			mainGroup = 7F98879E25E415830051295A;
			packageReferences = (
				7F98882725E416510051295A /* XCRemoteSwiftPackageReference "core-plot" */,
			);
			productRefGroup = 7F9887AC25E415860051295A /* Products */;
			projectDirPath = "";
			projectRoot = "";
			targets = (
				7F9887AA25E415860051295A /* Sum123WithErrorPlot (iOS) */,
				7F9887B225E415860051295A /* Sum123WithErrorPlot (macOS) */,
				7F9887BA25E415860051295A /* Tests iOS */,
				7F9887C525E415860051295A /* Tests macOS */,
			);
		};
/* End PBXProject section */

/* Begin PBXResourcesBuildPhase section */
		7F9887A925E415860051295A /* Resources */ = {
			isa = PBXResourcesBuildPhase;
			buildActionMask = 2147483647;
			files = (
				7F9887D125E415860051295A /* Assets.xcassets in Resources */,
			);
			runOnlyForDeploymentPostprocessing = 0;
		};
		7F9887B125E415860051295A /* Resources */ = {
			isa = PBXResourcesBuildPhase;
			buildActionMask = 2147483647;
			files = (
				7F9887D225E415860051295A /* Assets.xcassets in Resources */,
			);
			runOnlyForDeploymentPostprocessing = 0;
		};
		7F9887B925E415860051295A /* Resources */ = {
			isa = PBXResourcesBuildPhase;
			buildActionMask = 2147483647;
			files = (
			);
			runOnlyForDeploymentPostprocessing = 0;
		};
		7F9887C425E415860051295A /* Resources */ = {
			isa = PBXResourcesBuildPhase;
			buildActionMask = 2147483647;
			files = (
			);
			runOnlyForDeploymentPostprocessing = 0;
		};
/* End PBXResourcesBuildPhase section */

/* Begin PBXSourcesBuildPhase section */
		7F9887A725E415860051295A /* Sources */ = {
			isa = PBXSourcesBuildPhase;
			buildActionMask = 2147483647;
			files = (
				7F98884425E41AE60051295A /* summationClass.swift in Sources */,
				7F9887CF25E415860051295A /* ContentView.swift in Sources */,
				7F98880725E415990051295A /* CalculatePlotData.swift in Sources */,
				7F98880325E415990051295A /* operators.swift in Sources */,
				7F9887FF25E415990051295A /* TextExportDocument.swift in Sources */,
				7F9887FB25E415990051295A /* PlotDataClass.swift in Sources */,
				7F9887F325E415990051295A /* CorePlot.swift in Sources */,
				7F9887CD25E415860051295A /* Sum123WithErrorPlotApp.swift in Sources */,
				7F9887EF25E415990051295A /* ChangingPlotParameters.swift in Sources */,
				7F98880B25E415990051295A /* TextView.swift in Sources */,
			);
			runOnlyForDeploymentPostprocessing = 0;
		};
		7F9887AF25E415860051295A /* Sources */ = {
			isa = PBXSourcesBuildPhase;
			buildActionMask = 2147483647;
			files = (
				7F98884525E41AE60051295A /* summationClass.swift in Sources */,
				7F9887D025E415860051295A /* ContentView.swift in Sources */,
				7F98880825E415990051295A /* CalculatePlotData.swift in Sources */,
				7F98880425E415990051295A /* operators.swift in Sources */,
				7F98880025E415990051295A /* TextExportDocument.swift in Sources */,
				7F9887FC25E415990051295A /* PlotDataClass.swift in Sources */,
				7F9887F425E415990051295A /* CorePlot.swift in Sources */,
				7F9887CE25E415860051295A /* Sum123WithErrorPlotApp.swift in Sources */,
				7F9887F025E415990051295A /* ChangingPlotParameters.swift in Sources */,
				7F98880C25E415990051295A /* TextView.swift in Sources */,
			);
			runOnlyForDeploymentPostprocessing = 0;
		};
		7F9887B725E415860051295A /* Sources */ = {
			isa = PBXSourcesBuildPhase;
			buildActionMask = 2147483647;
			files = (
				7F98884625E41AE60051295A /* summationClass.swift in Sources */,
				7F9887F525E415990051295A /* CorePlot.swift in Sources */,
				7F98880925E415990051295A /* CalculatePlotData.swift in Sources */,
				7F98880525E415990051295A /* operators.swift in Sources */,
				7F9887C025E415860051295A /* Tests_iOS.swift in Sources */,
				7F9887FD25E415990051295A /* PlotDataClass.swift in Sources */,
				7F98883925E4198B0051295A /* ContentView.swift in Sources */,
				7F98880125E415990051295A /* TextExportDocument.swift in Sources */,
				7F98880D25E415990051295A /* TextView.swift in Sources */,
				7F9887F125E415990051295A /* ChangingPlotParameters.swift in Sources */,
			);
			runOnlyForDeploymentPostprocessing = 0;
		};
		7F9887C225E415860051295A /* Sources */ = {
			isa = PBXSourcesBuildPhase;
			buildActionMask = 2147483647;
			files = (
				7F98884725E41AE60051295A /* summationClass.swift in Sources */,
				7F9887F625E415990051295A /* CorePlot.swift in Sources */,
				7F98880A25E415990051295A /* CalculatePlotData.swift in Sources */,
				7F98880625E415990051295A /* operators.swift in Sources */,
				7F9887CB25E415860051295A /* Tests_macOS.swift in Sources */,
				7F9887FE25E415990051295A /* PlotDataClass.swift in Sources */,
				7F98883E25E4198C0051295A /* ContentView.swift in Sources */,
				7F98880225E415990051295A /* TextExportDocument.swift in Sources */,
				7F98880E25E415990051295A /* TextView.swift in Sources */,
				7F9887F225E415990051295A /* ChangingPlotParameters.swift in Sources */,
			);
			runOnlyForDeploymentPostprocessing = 0;
		};
/* End PBXSourcesBuildPhase section */

/* Begin PBXTargetDependency section */
		7F9887BD25E415860051295A /* PBXTargetDependency */ = {
			isa = PBXTargetDependency;
			target = 7F9887AA25E415860051295A /* Sum123WithErrorPlot (iOS) */;
			targetProxy = 7F9887BC25E415860051295A /* PBXContainerItemProxy */;
		};
		7F9887C825E415860051295A /* PBXTargetDependency */ = {
			isa = PBXTargetDependency;
			target = 7F9887B225E415860051295A /* Sum123WithErrorPlot (macOS) */;
			targetProxy = 7F9887C725E415860051295A /* PBXContainerItemProxy */;
		};
/* End PBXTargetDependency section */

/* Begin XCBuildConfiguration section */
		7F9887D325E415860051295A /* Debug */ = {
			isa = XCBuildConfiguration;
			buildSettings = {
				ALWAYS_SEARCH_USER_PATHS = NO;
				CLANG_ANALYZER_NONNULL = YES;
				CLANG_ANALYZER_NUMBER_OBJECT_CONVERSION = YES_AGGRESSIVE;
				CLANG_CXX_LANGUAGE_STANDARD = "gnu++14";
				CLANG_CXX_LIBRARY = "libc++";
				CLANG_ENABLE_MODULES = YES;
				CLANG_ENABLE_OBJC_ARC = YES;
				CLANG_ENABLE_OBJC_WEAK = YES;
				CLANG_WARN_BLOCK_CAPTURE_AUTORELEASING = YES;
				CLANG_WARN_BOOL_CONVERSION = YES;
				CLANG_WARN_COMMA = YES;
				CLANG_WARN_CONSTANT_CONVERSION = YES;
				CLANG_WARN_DEPRECATED_OBJC_IMPLEMENTATIONS = YES;
				CLANG_WARN_DIRECT_OBJC_ISA_USAGE = YES_ERROR;
				CLANG_WARN_DOCUMENTATION_COMMENTS = YES;
				CLANG_WARN_EMPTY_BODY = YES;
				CLANG_WARN_ENUM_CONVERSION = YES;
				CLANG_WARN_INFINITE_RECURSION = YES;
				CLANG_WARN_INT_CONVERSION = YES;
				CLANG_WARN_NON_LITERAL_NULL_CONVERSION = YES;
				CLANG_WARN_OBJC_IMPLICIT_RETAIN_SELF = YES;
				CLANG_WARN_OBJC_LITERAL_CONVERSION = YES;
				CLANG_WARN_OBJC_ROOT_CLASS = YES_ERROR;
				CLANG_WARN_QUOTED_INCLUDE_IN_FRAMEWORK_HEADER = YES;
				CLANG_WARN_RANGE_LOOP_ANALYSIS = YES;
				CLANG_WARN_STRICT_PROTOTYPES = YES;
				CLANG_WARN_SUSPICIOUS_MOVE = YES;
				CLANG_WARN_UNGUARDED_AVAILABILITY = YES_AGGRESSIVE;
				CLANG_WARN_UNREACHABLE_CODE = YES;
				CLANG_WARN__DUPLICATE_METHOD_MATCH = YES;
				COPY_PHASE_STRIP = NO;
				DEBUG_INFORMATION_FORMAT = dwarf;
				ENABLE_STRICT_OBJC_MSGSEND = YES;
				ENABLE_TESTABILITY = YES;
				GCC_C_LANGUAGE_STANDARD = gnu11;
				GCC_DYNAMIC_NO_PIC = NO;
				GCC_NO_COMMON_BLOCKS = YES;
				GCC_OPTIMIZATION_LEVEL = 0;
				GCC_PREPROCESSOR_DEFINITIONS = (
					"DEBUG=1",
					"$(inherited)",
				);
				GCC_WARN_64_TO_32_BIT_CONVERSION = YES;
				GCC_WARN_ABOUT_RETURN_TYPE = YES_ERROR;
				GCC_WARN_UNDECLARED_SELECTOR = YES;
				GCC_WARN_UNINITIALIZED_AUTOS = YES_AGGRESSIVE;
				GCC_WARN_UNUSED_FUNCTION = YES;
				GCC_WARN_UNUSED_VARIABLE = YES;
				MTL_ENABLE_DEBUG_INFO = INCLUDE_SOURCE;
				MTL_FAST_MATH = YES;
				ONLY_ACTIVE_ARCH = YES;
				SWIFT_ACTIVE_COMPILATION_CONDITIONS = DEBUG;
				SWIFT_OPTIMIZATION_LEVEL = "-Onone";
			};
			name = Debug;
		};
		7F9887D425E415860051295A /* Release */ = {
			isa = XCBuildConfiguration;
			buildSettings = {
				ALWAYS_SEARCH_USER_PATHS = NO;
				CLANG_ANALYZER_NONNULL = YES;
				CLANG_ANALYZER_NUMBER_OBJECT_CONVERSION = YES_AGGRESSIVE;
				CLANG_CXX_LANGUAGE_STANDARD = "gnu++14";
				CLANG_CXX_LIBRARY = "libc++";
				CLANG_ENABLE_MODULES = YES;
				CLANG_ENABLE_OBJC_ARC = YES;
				CLANG_ENABLE_OBJC_WEAK = YES;
				CLANG_WARN_BLOCK_CAPTURE_AUTORELEASING = YES;
				CLANG_WARN_BOOL_CONVERSION = YES;
				CLANG_WARN_COMMA = YES;
				CLANG_WARN_CONSTANT_CONVERSION = YES;
				CLANG_WARN_DEPRECATED_OBJC_IMPLEMENTATIONS = YES;
				CLANG_WARN_DIRECT_OBJC_ISA_USAGE = YES_ERROR;
				CLANG_WARN_DOCUMENTATION_COMMENTS = YES;
				CLANG_WARN_EMPTY_BODY = YES;
				CLANG_WARN_ENUM_CONVERSION = YES;
				CLANG_WARN_INFINITE_RECURSION = YES;
				CLANG_WARN_INT_CONVERSION = YES;
				CLANG_WARN_NON_LITERAL_NULL_CONVERSION = YES;
				CLANG_WARN_OBJC_IMPLICIT_RETAIN_SELF = YES;
				CLANG_WARN_OBJC_LITERAL_CONVERSION = YES;
				CLANG_WARN_OBJC_ROOT_CLASS = YES_ERROR;
				CLANG_WARN_QUOTED_INCLUDE_IN_FRAMEWORK_HEADER = YES;
				CLANG_WARN_RANGE_LOOP_ANALYSIS = YES;
				CLANG_WARN_STRICT_PROTOTYPES = YES;
				CLANG_WARN_SUSPICIOUS_MOVE = YES;
				CLANG_WARN_UNGUARDED_AVAILABILITY = YES_AGGRESSIVE;
				CLANG_WARN_UNREACHABLE_CODE = YES;
				CLANG_WARN__DUPLICATE_METHOD_MATCH = YES;
				COPY_PHASE_STRIP = NO;
				DEBUG_INFORMATION_FORMAT = "dwarf-with-dsym";
				ENABLE_NS_ASSERTIONS = NO;
				ENABLE_STRICT_OBJC_MSGSEND = YES;
				GCC_C_LANGUAGE_STANDARD = gnu11;
				GCC_NO_COMMON_BLOCKS = YES;
				GCC_WARN_64_TO_32_BIT_CONVERSION = YES;
				GCC_WARN_ABOUT_RETURN_TYPE = YES_ERROR;
				GCC_WARN_UNDECLARED_SELECTOR = YES;
				GCC_WARN_UNINITIALIZED_AUTOS = YES_AGGRESSIVE;
				GCC_WARN_UNUSED_FUNCTION = YES;
				GCC_WARN_UNUSED_VARIABLE = YES;
				MTL_ENABLE_DEBUG_INFO = NO;
				MTL_FAST_MATH = YES;
				SWIFT_COMPILATION_MODE = wholemodule;
				SWIFT_OPTIMIZATION_LEVEL = "-O";
			};
			name = Release;
		};
		7F9887D625E415860051295A /* Debug */ = {
			isa = XCBuildConfiguration;
			buildSettings = {
				ASSETCATALOG_COMPILER_APPICON_NAME = AppIcon;
				ASSETCATALOG_COMPILER_GLOBAL_ACCENT_COLOR_NAME = AccentColor;
				CODE_SIGN_IDENTITY = "Apple Development";
				CODE_SIGN_STYLE = Automatic;
				DEVELOPMENT_TEAM = "";
				ENABLE_PREVIEWS = YES;
				INFOPLIST_FILE = iOS/Info.plist;
				IPHONEOS_DEPLOYMENT_TARGET = 14.0;
				LD_RUNPATH_SEARCH_PATHS = (
					"$(inherited)",
					"@executable_path/Frameworks",
				);
				PRODUCT_BUNDLE_IDENTIFIER = com.MAiit.Sum123WithErrorPlot;
				PRODUCT_NAME = Sum123WithErrorPlot;
				PROVISIONING_PROFILE_SPECIFIER = "";
				SDKROOT = iphoneos;
				SWIFT_VERSION = 5.0;
				TARGETED_DEVICE_FAMILY = "1,2";
			};
			name = Debug;
		};
		7F9887D725E415860051295A /* Release */ = {
			isa = XCBuildConfiguration;
			buildSettings = {
				ASSETCATALOG_COMPILER_APPICON_NAME = AppIcon;
				ASSETCATALOG_COMPILER_GLOBAL_ACCENT_COLOR_NAME = AccentColor;
				CODE_SIGN_IDENTITY = "Apple Development";
				CODE_SIGN_STYLE = Automatic;
				DEVELOPMENT_TEAM = "";
				ENABLE_PREVIEWS = YES;
				INFOPLIST_FILE = iOS/Info.plist;
				IPHONEOS_DEPLOYMENT_TARGET = 14.0;
				LD_RUNPATH_SEARCH_PATHS = (
					"$(inherited)",
					"@executable_path/Frameworks",
				);
				PRODUCT_BUNDLE_IDENTIFIER = com.MAiit.Sum123WithErrorPlot;
				PRODUCT_NAME = Sum123WithErrorPlot;
				PROVISIONING_PROFILE_SPECIFIER = "";
				SDKROOT = iphoneos;
				SWIFT_VERSION = 5.0;
				TARGETED_DEVICE_FAMILY = "1,2";
				VALIDATE_PRODUCT = YES;
			};
			name = Release;
		};
		7F9887D925E415860051295A /* Debug */ = {
			isa = XCBuildConfiguration;
			buildSettings = {
				ASSETCATALOG_COMPILER_APPICON_NAME = AppIcon;
				ASSETCATALOG_COMPILER_GLOBAL_ACCENT_COLOR_NAME = AccentColor;
				CODE_SIGN_ENTITLEMENTS = macOS/macOS.entitlements;
				CODE_SIGN_IDENTITY = "Apple Development";
				CODE_SIGN_STYLE = Automatic;
				COMBINE_HIDPI_IMAGES = YES;
				DEVELOPMENT_TEAM = 3FRW7Z34LU;
				ENABLE_HARDENED_RUNTIME = YES;
				ENABLE_PREVIEWS = YES;
				INFOPLIST_FILE = macOS/Info.plist;
				LD_RUNPATH_SEARCH_PATHS = (
					"$(inherited)",
					"@executable_path/../Frameworks",
				);
				MACOSX_DEPLOYMENT_TARGET = 11.0;
				PRODUCT_BUNDLE_IDENTIFIER = com.MAiit.Sum123WithErrorPlot;
				PRODUCT_NAME = Sum123WithErrorPlot;
				SDKROOT = macosx;
				SWIFT_VERSION = 5.0;
			};
			name = Debug;
		};
		7F9887DA25E415860051295A /* Release */ = {
			isa = XCBuildConfiguration;
			buildSettings = {
				ASSETCATALOG_COMPILER_APPICON_NAME = AppIcon;
				ASSETCATALOG_COMPILER_GLOBAL_ACCENT_COLOR_NAME = AccentColor;
				CODE_SIGN_ENTITLEMENTS = macOS/macOS.entitlements;
				CODE_SIGN_IDENTITY = "Apple Development";
				CODE_SIGN_STYLE = Automatic;
				COMBINE_HIDPI_IMAGES = YES;
				DEVELOPMENT_TEAM = 3FRW7Z34LU;
				ENABLE_HARDENED_RUNTIME = YES;
				ENABLE_PREVIEWS = YES;
				INFOPLIST_FILE = macOS/Info.plist;
				LD_RUNPATH_SEARCH_PATHS = (
					"$(inherited)",
					"@executable_path/../Frameworks",
				);
				MACOSX_DEPLOYMENT_TARGET = 11.0;
				PRODUCT_BUNDLE_IDENTIFIER = com.MAiit.Sum123WithErrorPlot;
				PRODUCT_NAME = Sum123WithErrorPlot;
				SDKROOT = macosx;
				SWIFT_VERSION = 5.0;
			};
			name = Release;
		};
		7F9887DC25E415860051295A /* Debug */ = {
			isa = XCBuildConfiguration;
			buildSettings = {
				ALWAYS_EMBED_SWIFT_STANDARD_LIBRARIES = YES;
				CODE_SIGN_STYLE = Automatic;
				DEVELOPMENT_TEAM = 3FRW7Z34LU;
				INFOPLIST_FILE = "Tests iOS/Info.plist";
				IPHONEOS_DEPLOYMENT_TARGET = 14.4;
				LD_RUNPATH_SEARCH_PATHS = (
					"$(inherited)",
					"@executable_path/Frameworks",
					"@loader_path/Frameworks",
				);
				PRODUCT_BUNDLE_IDENTIFIER = "com.MAiit.Tests-iOS";
				PRODUCT_NAME = "$(TARGET_NAME)";
				SDKROOT = iphoneos;
				SWIFT_VERSION = 5.0;
				TARGETED_DEVICE_FAMILY = "1,2";
				TEST_TARGET_NAME = "Sum123WithErrorPlot (iOS)";
			};
			name = Debug;
		};
		7F9887DD25E415860051295A /* Release */ = {
			isa = XCBuildConfiguration;
			buildSettings = {
				ALWAYS_EMBED_SWIFT_STANDARD_LIBRARIES = YES;
				CODE_SIGN_STYLE = Automatic;
				DEVELOPMENT_TEAM = 3FRW7Z34LU;
				INFOPLIST_FILE = "Tests iOS/Info.plist";
				IPHONEOS_DEPLOYMENT_TARGET = 14.4;
				LD_RUNPATH_SEARCH_PATHS = (
					"$(inherited)",
					"@executable_path/Frameworks",
					"@loader_path/Frameworks",
				);
				PRODUCT_BUNDLE_IDENTIFIER = "com.MAiit.Tests-iOS";
				PRODUCT_NAME = "$(TARGET_NAME)";
				SDKROOT = iphoneos;
				SWIFT_VERSION = 5.0;
				TARGETED_DEVICE_FAMILY = "1,2";
				TEST_TARGET_NAME = "Sum123WithErrorPlot (iOS)";
				VALIDATE_PRODUCT = YES;
			};
			name = Release;
		};
		7F9887DF25E415860051295A /* Debug */ = {
			isa = XCBuildConfiguration;
			buildSettings = {
				ALWAYS_EMBED_SWIFT_STANDARD_LIBRARIES = YES;
				CODE_SIGN_STYLE = Automatic;
				COMBINE_HIDPI_IMAGES = YES;
				DEVELOPMENT_TEAM = 3FRW7Z34LU;
				INFOPLIST_FILE = "Tests macOS/Info.plist";
				LD_RUNPATH_SEARCH_PATHS = (
					"$(inherited)",
					"@executable_path/../Frameworks",
					"@loader_path/../Frameworks",
				);
				MACOSX_DEPLOYMENT_TARGET = 11.1;
				PRODUCT_BUNDLE_IDENTIFIER = "com.MAiit.Tests-macOS";
				PRODUCT_NAME = "$(TARGET_NAME)";
				SDKROOT = macosx;
				SWIFT_VERSION = 5.0;
				TEST_TARGET_NAME = "Sum123WithErrorPlot (macOS)";
			};
			name = Debug;
		};
		7F9887E025E415860051295A /* Release */ = {
			isa = XCBuildConfiguration;
			buildSettings = {
				ALWAYS_EMBED_SWIFT_STANDARD_LIBRARIES = YES;
				CODE_SIGN_STYLE = Automatic;
				COMBINE_HIDPI_IMAGES = YES;
				DEVELOPMENT_TEAM = 3FRW7Z34LU;
				INFOPLIST_FILE = "Tests macOS/Info.plist";
				LD_RUNPATH_SEARCH_PATHS = (
					"$(inherited)",
					"@executable_path/../Frameworks",
					"@loader_path/../Frameworks",
				);
				MACOSX_DEPLOYMENT_TARGET = 11.1;
				PRODUCT_BUNDLE_IDENTIFIER = "com.MAiit.Tests-macOS";
				PRODUCT_NAME = "$(TARGET_NAME)";
				SDKROOT = macosx;
				SWIFT_VERSION = 5.0;
				TEST_TARGET_NAME = "Sum123WithErrorPlot (macOS)";
			};
			name = Release;
		};
/* End XCBuildConfiguration section */

/* Begin XCConfigurationList section */
		7F9887A225E415830051295A /* Build configuration list for PBXProject "Sum123WithErrorPlot" */ = {
			isa = XCConfigurationList;
			buildConfigurations = (
				7F9887D325E415860051295A /* Debug */,
				7F9887D425E415860051295A /* Release */,
			);
			defaultConfigurationIsVisible = 0;
			defaultConfigurationName = Release;
		};
		7F9887D525E415860051295A /* Build configuration list for PBXNativeTarget "Sum123WithErrorPlot (iOS)" */ = {
			isa = XCConfigurationList;
			buildConfigurations = (
				7F9887D625E415860051295A /* Debug */,
				7F9887D725E415860051295A /* Release */,
			);
			defaultConfigurationIsVisible = 0;
			defaultConfigurationName = Release;
		};
		7F9887D825E415860051295A /* Build configuration list for PBXNativeTarget "Sum123WithErrorPlot (macOS)" */ = {
			isa = XCConfigurationList;
			buildConfigurations = (
				7F9887D925E415860051295A /* Debug */,
				7F9887DA25E415860051295A /* Release */,
			);
			defaultConfigurationIsVisible = 0;
			defaultConfigurationName = Release;
		};
		7F9887DB25E415860051295A /* Build configuration list for PBXNativeTarget "Tests iOS" */ = {
			isa = XCConfigurationList;
			buildConfigurations = (
				7F9887DC25E415860051295A /* Debug */,
				7F9887DD25E415860051295A /* Release */,
			);
			defaultConfigurationIsVisible = 0;
			defaultConfigurationName = Release;
		};
		7F9887DE25E415860051295A /* Build configuration list for PBXNativeTarget "Tests macOS" */ = {
			isa = XCConfigurationList;
			buildConfigurations = (
				7F9887DF25E415860051295A /* Debug */,
				7F9887E025E415860051295A /* Release */,
			);
			defaultConfigurationIsVisible = 0;
			defaultConfigurationName = Release;
		};
/* End XCConfigurationList section */

/* Begin XCRemoteSwiftPackageReference section */
		7F98882725E416510051295A /* XCRemoteSwiftPackageReference "core-plot" */ = {
			isa = XCRemoteSwiftPackageReference;
			repositoryURL = "https://github.com/core-plot/core-plot/";
			requirement = {
				branch = "release-2.4";
				kind = branch;
			};
		};
/* End XCRemoteSwiftPackageReference section */

/* Begin XCSwiftPackageProductDependency section */
		7F98882825E416510051295A /* CorePlot */ = {
			isa = XCSwiftPackageProductDependency;
			package = 7F98882725E416510051295A /* XCRemoteSwiftPackageReference "core-plot" */;
			productName = CorePlot;
		};
		7F98882F25E4170B0051295A /* CorePlot */ = {
			isa = XCSwiftPackageProductDependency;
			package = 7F98882725E416510051295A /* XCRemoteSwiftPackageReference "core-plot" */;
			productName = CorePlot;
		};
/* End XCSwiftPackageProductDependency section */
	};
	rootObject = 7F98879F25E415830051295A /* Project object */;
}
